
Microsoft Visual Studio Solution File, Format Version 12.00
# Visual Studio 14
VisualStudioVersion = 14.0.24720.0
MinimumVisualStudioVersion = 10.0.40219.1
Project("{FAE04EC0-301F-11D3-BF4B-00C04F79EFBC}") = "UnnamedStrategyGame", "UnnamedS\UnnamedStrategyGame.csproj", "{EF464F94-C7BF-4C20-A99B-F0895228E8FE}"
EndProject
Project("{FAE04EC0-301F-11D3-BF4B-00C04F79EFBC}") = "UnnamedStrategyGameTests", "UnnamedStrategyGameTests\UnnamedStrategyGameTests.csproj", "{D8407A24-0D22-4BF9-89E8-96A2EBB8502F}"
EndProject
Project("{2150E333-8FDC-42A3-9474-1A3956D46DE8}") = "Solution Items", "Solution Items", "{39386755-8637-438B-85C5-87CA14868710}"
	ProjectSection(SolutionItems) = preProject
		CodeCoverage.runsettings = CodeCoverage.runsettings
		FullCodeCoverage.runsettings = FullCodeCoverage.runsettings
		NoExcludeCodeCoverage.runsettings = NoExcludeCodeCoverage.runsettings
		Performance1.psess = Performance1.psess
	EndProjectSection
EndProject
Global
	GlobalSection(Performance) = preSolution
		HasPerformanceSessions = true
	EndGlobalSection
	GlobalSection(SolutionConfigurationPlatforms) = preSolution
		Debug|Any CPU = Debug|Any CPU
		Release|Any CPU = Release|Any CPU
	EndGlobalSection
	GlobalSection(ProjectConfigurationPlatforms) = postSolution
		{EF464F94-C7BF-4C20-A99B-F0895228E8FE}.Debug|Any CPU.ActiveCfg = Debug|Any CPU
		{EF464F94-C7BF-4C20-A99B-F0895228E8FE}.Debug|Any CPU.Build.0 = Debug|Any CPU
		{EF464F94-C7BF-4C20-A99B-F0895228E8FE}.Release|Any CPU.ActiveCfg = Release|Any CPU
		{EF464F94-C7BF-4C20-A99B-F0895228E8FE}.Release|Any CPU.Build.0 = Release|Any CPU
		{D8407A24-0D22-4BF9-89E8-96A2EBB8502F}.Debug|Any CPU.ActiveCfg = Debug|Any CPU
		{D8407A24-0D22-4BF9-89E8-96A2EBB8502F}.Debug|Any CPU.Build.0 = Debug|Any CPU
		{D8407A24-0D22-4BF9-89E8-96A2EBB8502F}.Release|Any CPU.ActiveCfg = Release|Any CPU
		{D8407A24-0D22-4BF9-89E8-96A2EBB8502F}.Release|Any CPU.Build.0 = Release|Any CPU
	EndGlobalSection
	GlobalSection(SolutionProperties) = preSolution
		HideSolutionNode = FALSE
	EndGlobalSection
EndGlobal
